// !$*UTF8*$!
{
	archiveVersion = 1;
	classes = {
	};
	objectVersion = 55;
	objects = {

/* Begin PBXBuildFile section */
		15810781284D582B00E334BA /* EpicWordTripApp.swift in Sources */ = {isa = PBXBuildFile; fileRef = 15810780284D582B00E334BA /* EpicWordTripApp.swift */; };
		15810783284D582B00E334BA /* ContentView.swift in Sources */ = {isa = PBXBuildFile; fileRef = 15810782284D582B00E334BA /* ContentView.swift */; };
		15810785284D582C00E334BA /* Assets.xcassets in Resources */ = {isa = PBXBuildFile; fileRef = 15810784284D582C00E334BA /* Assets.xcassets */; };
		15810788284D582C00E334BA /* Preview Assets.xcassets in Resources */ = {isa = PBXBuildFile; fileRef = 15810787284D582C00E334BA /* Preview Assets.xcassets */; };
		1581078F284D58A400E334BA /* HelpView.swift in Sources */ = {isa = PBXBuildFile; fileRef = 1581078E284D58A400E334BA /* HelpView.swift */; };
		15810791284D58B300E334BA /* Extensions.swift in Sources */ = {isa = PBXBuildFile; fileRef = 15810790284D58B300E334BA /* Extensions.swift */; };
		15810794284D58D100E334BA /* Words.txt in Resources */ = {isa = PBXBuildFile; fileRef = 15810793284D58D100E334BA /* Words.txt */; };
		15810796284D58E600E334BA /* ScanButton.swift in Sources */ = {isa = PBXBuildFile; fileRef = 15810795284D58E600E334BA /* ScanButton.swift */; };
		15A679B7286804BB00DBC80E /* LocationManager.swift in Sources */ = {isa = PBXBuildFile; fileRef = 15A679B6286804BB00DBC80E /* LocationManager.swift */; };
		15A679BB28680CEC00DBC80E /* GoogleService-Info.plist in Resources */ = {isa = PBXBuildFile; fileRef = 15A679BA28680CEC00DBC80E /* GoogleService-Info.plist */; };
		8F893F5C3633416539EFB21B /* Pods_EpicWordTrip.framework in Frameworks */ = {isa = PBXBuildFile; fileRef = CB64A4CA9BC1AA782A80DFFF /* Pods_EpicWordTrip.framework */; };
/* End PBXBuildFile section */

/* Begin PBXFileReference section */
		1581077D284D582B00E334BA /* EpicWordTrip.app */ = {isa = PBXFileReference; explicitFileType = wrapper.application; includeInIndex = 0; path = EpicWordTrip.app; sourceTree = BUILT_PRODUCTS_DIR; };
		15810780284D582B00E334BA /* EpicWordTripApp.swift */ = {isa = PBXFileReference; lastKnownFileType = sourcecode.swift; path = EpicWordTripApp.swift; sourceTree = "<group>"; };
		15810782284D582B00E334BA /* ContentView.swift */ = {isa = PBXFileReference; lastKnownFileType = sourcecode.swift; path = ContentView.swift; sourceTree = "<group>"; };
		15810784284D582C00E334BA /* Assets.xcassets */ = {isa = PBXFileReference; lastKnownFileType = folder.assetcatalog; path = Assets.xcassets; sourceTree = "<group>"; };
		15810787284D582C00E334BA /* Preview Assets.xcassets */ = {isa = PBXFileReference; lastKnownFileType = folder.assetcatalog; path = "Preview Assets.xcassets"; sourceTree = "<group>"; };
		1581078E284D58A400E334BA /* HelpView.swift */ = {isa = PBXFileReference; lastKnownFileType = sourcecode.swift; path = HelpView.swift; sourceTree = "<group>"; };
		15810790284D58B300E334BA /* Extensions.swift */ = {isa = PBXFileReference; lastKnownFileType = sourcecode.swift; path = Extensions.swift; sourceTree = "<group>"; };
		15810793284D58D100E334BA /* Words.txt */ = {isa = PBXFileReference; fileEncoding = 4; lastKnownFileType = text; path = Words.txt; sourceTree = "<group>"; };
		15810795284D58E600E334BA /* ScanButton.swift */ = {isa = PBXFileReference; lastKnownFileType = sourcecode.swift; path = ScanButton.swift; sourceTree = "<group>"; };
		15A679B6286804BB00DBC80E /* LocationManager.swift */ = {isa = PBXFileReference; lastKnownFileType = sourcecode.swift; path = LocationManager.swift; sourceTree = "<group>"; };
		15A679BA28680CEC00DBC80E /* GoogleService-Info.plist */ = {isa = PBXFileReference; fileEncoding = 4; lastKnownFileType = text.plist.xml; path = "GoogleService-Info.plist"; sourceTree = "<group>"; };
		9CF8D2F5421D4AE01197B1B8 /* Pods-EpicWordTrip.release.xcconfig */ = {isa = PBXFileReference; includeInIndex = 1; lastKnownFileType = text.xcconfig; name = "Pods-EpicWordTrip.release.xcconfig"; path = "Target Support Files/Pods-EpicWordTrip/Pods-EpicWordTrip.release.xcconfig"; sourceTree = "<group>"; };
		AE141C8BA231D8D87370EE20 /* Pods-EpicWordTrip.debug.xcconfig */ = {isa = PBXFileReference; includeInIndex = 1; lastKnownFileType = text.xcconfig; name = "Pods-EpicWordTrip.debug.xcconfig"; path = "Target Support Files/Pods-EpicWordTrip/Pods-EpicWordTrip.debug.xcconfig"; sourceTree = "<group>"; };
		CB64A4CA9BC1AA782A80DFFF /* Pods_EpicWordTrip.framework */ = {isa = PBXFileReference; explicitFileType = wrapper.framework; includeInIndex = 0; path = Pods_EpicWordTrip.framework; sourceTree = BUILT_PRODUCTS_DIR; };
/* End PBXFileReference section */

/* Begin PBXFrameworksBuildPhase section */
		1581077A284D582B00E334BA /* Frameworks */ = {
			isa = PBXFrameworksBuildPhase;
			buildActionMask = 2147483647;
			files = (
				8F893F5C3633416539EFB21B /* Pods_EpicWordTrip.framework in Frameworks */,
			);
			runOnlyForDeploymentPostprocessing = 0;
		};
/* End PBXFrameworksBuildPhase section */

/* Begin PBXGroup section */
		15810774284D582B00E334BA = {
			isa = PBXGroup;
			children = (
				1581077F284D582B00E334BA /* EpicWordTrip */,
				1581077E284D582B00E334BA /* Products */,
				BAD755B5081F8A692E4D4EA7 /* Pods */,
				EA3C556D9AABA87210A7D7CF /* Frameworks */,
			);
			sourceTree = "<group>";
		};
		1581077E284D582B00E334BA /* Products */ = {
			isa = PBXGroup;
			children = (
				1581077D284D582B00E334BA /* EpicWordTrip.app */,
			);
			name = Products;
			sourceTree = "<group>";
		};
		1581077F284D582B00E334BA /* EpicWordTrip */ = {
			isa = PBXGroup;
			children = (
				15810780284D582B00E334BA /* EpicWordTripApp.swift */,
				15810782284D582B00E334BA /* ContentView.swift */,
				1581078E284D58A400E334BA /* HelpView.swift */,
				15810795284D58E600E334BA /* ScanButton.swift */,
				15810790284D58B300E334BA /* Extensions.swift */,
				15A679B6286804BB00DBC80E /* LocationManager.swift */,
				15A679BA28680CEC00DBC80E /* GoogleService-Info.plist */,
				15810792284D58D100E334BA /* Resources */,
				15810784284D582C00E334BA /* Assets.xcassets */,
				15810786284D582C00E334BA /* Preview Content */,
			);
			path = EpicWordTrip;
			sourceTree = "<group>";
		};
		15810786284D582C00E334BA /* Preview Content */ = {
			isa = PBXGroup;
			children = (
				15810787284D582C00E334BA /* Preview Assets.xcassets */,
			);
			path = "Preview Content";
			sourceTree = "<group>";
		};
		15810792284D58D100E334BA /* Resources */ = {
			isa = PBXGroup;
			children = (
				15810793284D58D100E334BA /* Words.txt */,
			);
			path = Resources;
			sourceTree = "<group>";
		};
		BAD755B5081F8A692E4D4EA7 /* Pods */ = {
			isa = PBXGroup;
			children = (
				AE141C8BA231D8D87370EE20 /* Pods-EpicWordTrip.debug.xcconfig */,
				9CF8D2F5421D4AE01197B1B8 /* Pods-EpicWordTrip.release.xcconfig */,
			);
			path = Pods;
			sourceTree = "<group>";
		};
		EA3C556D9AABA87210A7D7CF /* Frameworks */ = {
			isa = PBXGroup;
			children = (
				CB64A4CA9BC1AA782A80DFFF /* Pods_EpicWordTrip.framework */,
			);
			name = Frameworks;
			sourceTree = "<group>";
		};
/* End PBXGroup section */

/* Begin PBXNativeTarget section */
		1581077C284D582B00E334BA /* EpicWordTrip */ = {
			isa = PBXNativeTarget;
			buildConfigurationList = 1581078B284D582C00E334BA /* Build configuration list for PBXNativeTarget "EpicWordTrip" */;
			buildPhases = (
				DDC6C3225DAC775E290BCF7F /* [CP] Check Pods Manifest.lock */,
				15810779284D582B00E334BA /* Sources */,
				1581077A284D582B00E334BA /* Frameworks */,
				1581077B284D582B00E334BA /* Resources */,
				FFA4A3E799CDB8E3524E5008 /* [CP] Embed Pods Frameworks */,
			);
			buildRules = (
			);
			dependencies = (
			);
			name = EpicWordTrip;
			productName = EpicWordTrip;
			productReference = 1581077D284D582B00E334BA /* EpicWordTrip.app */;
			productType = "com.apple.product-type.application";
		};
/* End PBXNativeTarget section */

/* Begin PBXProject section */
		15810775284D582B00E334BA /* Project object */ = {
			isa = PBXProject;
			attributes = {
				BuildIndependentTargetsInParallel = 1;
				LastSwiftUpdateCheck = 1330;
				LastUpgradeCheck = 1330;
				TargetAttributes = {
					1581077C284D582B00E334BA = {
						CreatedOnToolsVersion = 13.3.1;
					};
				};
			};
			buildConfigurationList = 15810778284D582B00E334BA /* Build configuration list for PBXProject "EpicWordTrip" */;
			compatibilityVersion = "Xcode 13.0";
			developmentRegion = en;
			hasScannedForEncodings = 0;
			knownRegions = (
				en,
				Base,
			);
			mainGroup = 15810774284D582B00E334BA;
			productRefGroup = 1581077E284D582B00E334BA /* Products */;
			projectDirPath = "";
			projectRoot = "";
			targets = (
				1581077C284D582B00E334BA /* EpicWordTrip */,
			);
		};
/* End PBXProject section */

/* Begin PBXResourcesBuildPhase section */
		1581077B284D582B00E334BA /* Resources */ = {
			isa = PBXResourcesBuildPhase;
			buildActionMask = 2147483647;
			files = (
				15810788284D582C00E334BA /* Preview Assets.xcassets in Resources */,
				15810785284D582C00E334BA /* Assets.xcassets in Resources */,
				15810794284D58D100E334BA /* Words.txt in Resources */,
				15A679BB28680CEC00DBC80E /* GoogleService-Info.plist in Resources */,
			);
			runOnlyForDeploymentPostprocessing = 0;
		};
/* End PBXResourcesBuildPhase section */

/* Begin PBXShellScriptBuildPhase section */
		DDC6C3225DAC775E290BCF7F /* [CP] Check Pods Manifest.lock */ = {
			isa = PBXShellScriptBuildPhase;
			buildActionMask = 2147483647;
			files = (
			);
			inputFileListPaths = (
			);
			inputPaths = (
				"${PODS_PODFILE_DIR_PATH}/Podfile.lock",
				"${PODS_ROOT}/Manifest.lock",
			);
			name = "[CP] Check Pods Manifest.lock";
			outputFileListPaths = (
			);
			outputPaths = (
				"$(DERIVED_FILE_DIR)/Pods-EpicWordTrip-checkManifestLockResult.txt",
			);
			runOnlyForDeploymentPostprocessing = 0;
			shellPath = /bin/sh;
			shellScript = "diff \"${PODS_PODFILE_DIR_PATH}/Podfile.lock\" \"${PODS_ROOT}/Manifest.lock\" > /dev/null\nif [ $? != 0 ] ; then\n    # print error to STDERR\n    echo \"error: The sandbox is not in sync with the Podfile.lock. Run 'pod install' or update your CocoaPods installation.\" >&2\n    exit 1\nfi\n# This output is used by Xcode 'outputs' to avoid re-running this script phase.\necho \"SUCCESS\" > \"${SCRIPT_OUTPUT_FILE_0}\"\n";
			showEnvVarsInLog = 0;
		};
		FFA4A3E799CDB8E3524E5008 /* [CP] Embed Pods Frameworks */ = {
			isa = PBXShellScriptBuildPhase;
			buildActionMask = 2147483647;
			files = (
			);
			inputFileListPaths = (
				"${PODS_ROOT}/Target Support Files/Pods-EpicWordTrip/Pods-EpicWordTrip-frameworks-${CONFIGURATION}-input-files.xcfilelist",
			);
			name = "[CP] Embed Pods Frameworks";
			outputFileListPaths = (
				"${PODS_ROOT}/Target Support Files/Pods-EpicWordTrip/Pods-EpicWordTrip-frameworks-${CONFIGURATION}-output-files.xcfilelist",
			);
			runOnlyForDeploymentPostprocessing = 0;
			shellPath = /bin/sh;
			shellScript = "\"${PODS_ROOT}/Target Support Files/Pods-EpicWordTrip/Pods-EpicWordTrip-frameworks.sh\"\n";
			showEnvVarsInLog = 0;
		};
/* End PBXShellScriptBuildPhase section */

/* Begin PBXSourcesBuildPhase section */
		15810779284D582B00E334BA /* Sources */ = {
			isa = PBXSourcesBuildPhase;
			buildActionMask = 2147483647;
			files = (
				15810796284D58E600E334BA /* ScanButton.swift in Sources */,
				15810783284D582B00E334BA /* ContentView.swift in Sources */,
				15A679B7286804BB00DBC80E /* LocationManager.swift in Sources */,
				1581078F284D58A400E334BA /* HelpView.swift in Sources */,
				15810781284D582B00E334BA /* EpicWordTripApp.swift in Sources */,
				15810791284D58B300E334BA /* Extensions.swift in Sources */,
			);
			runOnlyForDeploymentPostprocessing = 0;
		};
/* End PBXSourcesBuildPhase section */

/* Begin XCBuildConfiguration section */
		15810789284D582C00E334BA /* Debug */ = {
			isa = XCBuildConfiguration;
			buildSettings = {
				ALWAYS_SEARCH_USER_PATHS = NO;
				CLANG_ANALYZER_NONNULL = YES;
				CLANG_ANALYZER_NUMBER_OBJECT_CONVERSION = YES_AGGRESSIVE;
				CLANG_CXX_LANGUAGE_STANDARD = "gnu++17";
				CLANG_ENABLE_MODULES = YES;
				CLANG_ENABLE_OBJC_ARC = YES;
				CLANG_ENABLE_OBJC_WEAK = YES;
				CLANG_WARN_BLOCK_CAPTURE_AUTORELEASING = YES;
				CLANG_WARN_BOOL_CONVERSION = YES;
				CLANG_WARN_COMMA = YES;
				CLANG_WARN_CONSTANT_CONVERSION = YES;
				CLANG_WARN_DEPRECATED_OBJC_IMPLEMENTATIONS = YES;
				CLANG_WARN_DIRECT_OBJC_ISA_USAGE = YES_ERROR;
				CLANG_WARN_DOCUMENTATION_COMMENTS = YES;
				CLANG_WARN_EMPTY_BODY = YES;
				CLANG_WARN_ENUM_CONVERSION = YES;
				CLANG_WARN_INFINITE_RECURSION = YES;
				CLANG_WARN_INT_CONVERSION = YES;
				CLANG_WARN_NON_LITERAL_NULL_CONVERSION = YES;
				CLANG_WARN_OBJC_IMPLICIT_RETAIN_SELF = YES;
				CLANG_WARN_OBJC_LITERAL_CONVERSION = YES;
				CLANG_WARN_OBJC_ROOT_CLASS = YES_ERROR;
				CLANG_WARN_QUOTED_INCLUDE_IN_FRAMEWORK_HEADER = YES;
				CLANG_WARN_RANGE_LOOP_ANALYSIS = YES;
				CLANG_WARN_STRICT_PROTOTYPES = YES;
				CLANG_WARN_SUSPICIOUS_MOVE = YES;
				CLANG_WARN_UNGUARDED_AVAILABILITY = YES_AGGRESSIVE;
				CLANG_WARN_UNREACHABLE_CODE = YES;
				CLANG_WARN__DUPLICATE_METHOD_MATCH = YES;
				COPY_PHASE_STRIP = NO;
				DEBUG_INFORMATION_FORMAT = dwarf;
				ENABLE_STRICT_OBJC_MSGSEND = YES;
				ENABLE_TESTABILITY = YES;
				GCC_C_LANGUAGE_STANDARD = gnu11;
				GCC_DYNAMIC_NO_PIC = NO;
				GCC_NO_COMMON_BLOCKS = YES;
				GCC_OPTIMIZATION_LEVEL = 0;
				GCC_PREPROCESSOR_DEFINITIONS = (
					"DEBUG=1",
					"$(inherited)",
				);
				GCC_WARN_64_TO_32_BIT_CONVERSION = YES;
				GCC_WARN_ABOUT_RETURN_TYPE = YES_ERROR;
				GCC_WARN_UNDECLARED_SELECTOR = YES;
				GCC_WARN_UNINITIALIZED_AUTOS = YES_AGGRESSIVE;
				GCC_WARN_UNUSED_FUNCTION = YES;
				GCC_WARN_UNUSED_VARIABLE = YES;
				IPHONEOS_DEPLOYMENT_TARGET = 15.4;
				MTL_ENABLE_DEBUG_INFO = INCLUDE_SOURCE;
				MTL_FAST_MATH = YES;
				ONLY_ACTIVE_ARCH = YES;
				SDKROOT = iphoneos;
				SWIFT_ACTIVE_COMPILATION_CONDITIONS = DEBUG;
				SWIFT_OPTIMIZATION_LEVEL = "-Onone";
			};
			name = Debug;
		};
		1581078A284D582C00E334BA /* Release */ = {
			isa = XCBuildConfiguration;
			buildSettings = {
				ALWAYS_SEARCH_USER_PATHS = NO;
				CLANG_ANALYZER_NONNULL = YES;
				CLANG_ANALYZER_NUMBER_OBJECT_CONVERSION = YES_AGGRESSIVE;
				CLANG_CXX_LANGUAGE_STANDARD = "gnu++17";
				CLANG_ENABLE_MODULES = YES;
				CLANG_ENABLE_OBJC_ARC = YES;
				CLANG_ENABLE_OBJC_WEAK = YES;
				CLANG_WARN_BLOCK_CAPTURE_AUTORELEASING = YES;
				CLANG_WARN_BOOL_CONVERSION = YES;
				CLANG_WARN_COMMA = YES;
				CLANG_WARN_CONSTANT_CONVERSION = YES;
				CLANG_WARN_DEPRECATED_OBJC_IMPLEMENTATIONS = YES;
				CLANG_WARN_DIRECT_OBJC_ISA_USAGE = YES_ERROR;
				CLANG_WARN_DOCUMENTATION_COMMENTS = YES;
				CLANG_WARN_EMPTY_BODY = YES;
				CLANG_WARN_ENUM_CONVERSION = YES;
				CLANG_WARN_INFINITE_RECURSION = YES;
				CLANG_WARN_INT_CONVERSION = YES;
				CLANG_WARN_NON_LITERAL_NULL_CONVERSION = YES;
				CLANG_WARN_OBJC_IMPLICIT_RETAIN_SELF = YES;
				CLANG_WARN_OBJC_LITERAL_CONVERSION = YES;
				CLANG_WARN_OBJC_ROOT_CLASS = YES_ERROR;
				CLANG_WARN_QUOTED_INCLUDE_IN_FRAMEWORK_HEADER = YES;
				CLANG_WARN_RANGE_LOOP_ANALYSIS = YES;
				CLANG_WARN_STRICT_PROTOTYPES = YES;
				CLANG_WARN_SUSPICIOUS_MOVE = YES;
				CLANG_WARN_UNGUARDED_AVAILABILITY = YES_AGGRESSIVE;
				CLANG_WARN_UNREACHABLE_CODE = YES;
				CLANG_WARN__DUPLICATE_METHOD_MATCH = YES;
				COPY_PHASE_STRIP = NO;
				DEBUG_INFORMATION_FORMAT = "dwarf-with-dsym";
				ENABLE_NS_ASSERTIONS = NO;
				ENABLE_STRICT_OBJC_MSGSEND = YES;
				GCC_C_LANGUAGE_STANDARD = gnu11;
				GCC_NO_COMMON_BLOCKS = YES;
				GCC_WARN_64_TO_32_BIT_CONVERSION = YES;
				GCC_WARN_ABOUT_RETURN_TYPE = YES_ERROR;
				GCC_WARN_UNDECLARED_SELECTOR = YES;
				GCC_WARN_UNINITIALIZED_AUTOS = YES_AGGRESSIVE;
				GCC_WARN_UNUSED_FUNCTION = YES;
				GCC_WARN_UNUSED_VARIABLE = YES;
				IPHONEOS_DEPLOYMENT_TARGET = 15.4;
				MTL_ENABLE_DEBUG_INFO = NO;
				MTL_FAST_MATH = YES;
				SDKROOT = iphoneos;
				SWIFT_COMPILATION_MODE = wholemodule;
				SWIFT_OPTIMIZATION_LEVEL = "-O";
				VALIDATE_PRODUCT = YES;
			};
			name = Release;
		};
		1581078C284D582C00E334BA /* Debug */ = {
			isa = XCBuildConfiguration;
			baseConfigurationReference = AE141C8BA231D8D87370EE20 /* Pods-EpicWordTrip.debug.xcconfig */;
			buildSettings = {
				ASSETCATALOG_COMPILER_APPICON_NAME = AppIcon;
				ASSETCATALOG_COMPILER_GLOBAL_ACCENT_COLOR_NAME = AccentColor;
				CODE_SIGN_STYLE = Automatic;
				CURRENT_PROJECT_VERSION = 6;
				DEVELOPMENT_ASSET_PATHS = "\"EpicWordTrip/Preview Content\"";
				DEVELOPMENT_TEAM = MFC92XDN7D;
				ENABLE_PREVIEWS = YES;
				GENERATE_INFOPLIST_FILE = YES;
				INFOPLIST_KEY_NSLocationAlwaysAndWhenInUseUsageDescription = "To better scan license plates in your state";
				INFOPLIST_KEY_NSLocationAlwaysUsageDescription = "To better scan license plates in your state";
				INFOPLIST_KEY_NSLocationUsageDescription = "To better scan license plates in your state";
				INFOPLIST_KEY_NSLocationWhenInUseUsageDescription = "To better scan license plates in your state";
				INFOPLIST_KEY_UIApplicationSceneManifest_Generation = YES;
				INFOPLIST_KEY_UIApplicationSupportsIndirectInputEvents = YES;
				INFOPLIST_KEY_UILaunchScreen_Generation = YES;
				INFOPLIST_KEY_UISupportedInterfaceOrientations = "UIInterfaceOrientationPortrait UIInterfaceOrientationPortraitUpsideDown";
				INFOPLIST_KEY_UISupportedInterfaceOrientations_iPad = "UIInterfaceOrientationPortrait UIInterfaceOrientationPortraitUpsideDown UIInterfaceOrientationLandscapeLeft UIInterfaceOrientationLandscapeRight";
				INFOPLIST_KEY_UISupportedInterfaceOrientations_iPhone = "UIInterfaceOrientationPortrait UIInterfaceOrientationLandscapeLeft UIInterfaceOrientationLandscapeRight";
				IPHONEOS_DEPLOYMENT_TARGET = 15.0;
				LD_RUNPATH_SEARCH_PATHS = (
					"$(inherited)",
					"@executable_path/Frameworks",
				);
				MARKETING_VERSION = 1.0;
				PRODUCT_BUNDLE_IDENTIFIER = Samantha.EpicWordTrip;
				PRODUCT_NAME = "$(TARGET_NAME)";
				SWIFT_EMIT_LOC_STRINGS = YES;
				SWIFT_VERSION = 5.0;
				TARGETED_DEVICE_FAMILY = 1;
			};
			name = Debug;
		};
		1581078D284D582C00E334BA /* Release */ = {
			isa = XCBuildConfiguration;
			baseConfigurationReference = 9CF8D2F5421D4AE01197B1B8 /* Pods-EpicWordTrip.release.xcconfig */;
			buildSettings = {
				ASSETCATALOG_COMPILER_APPICON_NAME = AppIcon;
				ASSETCATALOG_COMPILER_GLOBAL_ACCENT_COLOR_NAME = AccentColor;
				CODE_SIGN_STYLE = Automatic;
				CURRENT_PROJECT_VERSION = 6;
				DEVELOPMENT_ASSET_PATHS = "\"EpicWordTrip/Preview Content\"";
				DEVELOPMENT_TEAM = MFC92XDN7D;
				ENABLE_PREVIEWS = YES;
				GENERATE_INFOPLIST_FILE = YES;
				INFOPLIST_KEY_NSLocationAlwaysAndWhenInUseUsageDescription = "To better scan license plates in your state";
				INFOPLIST_KEY_NSLocationAlwaysUsageDescription = "To better scan license plates in your state";
				INFOPLIST_KEY_NSLocationUsageDescription = "To better scan license plates in your state";
				INFOPLIST_KEY_NSLocationWhenInUseUsageDescription = "To better scan license plates in your state";
				INFOPLIST_KEY_UIApplicationSceneManifest_Generation = YES;
				INFOPLIST_KEY_UIApplicationSupportsIndirectInputEvents = YES;
				INFOPLIST_KEY_UILaunchScreen_Generation = YES;
				INFOPLIST_KEY_UISupportedInterfaceOrientations = "UIInterfaceOrientationPortrait UIInterfaceOrientationPortraitUpsideDown";
				INFOPLIST_KEY_UISupportedInterfaceOrientations_iPad = "UIInterfaceOrientationPortrait UIInterfaceOrientationPortraitUpsideDown UIInterfaceOrientationLandscapeLeft UIInterfaceOrientationLandscapeRight";
				INFOPLIST_KEY_UISupportedInterfaceOrientations_iPhone = "UIInterfaceOrientationPortrait UIInterfaceOrientationLandscapeLeft UIInterfaceOrientationLandscapeRight";
				IPHONEOS_DEPLOYMENT_TARGET = 15.0;
				LD_RUNPATH_SEARCH_PATHS = (
					"$(inherited)",
					"@executable_path/Frameworks",
				);
				MARKETING_VERSION = 1.0;
				PRODUCT_BUNDLE_IDENTIFIER = Samantha.EpicWordTrip;
				PRODUCT_NAME = "$(TARGET_NAME)";
				SWIFT_EMIT_LOC_STRINGS = YES;
				SWIFT_VERSION = 5.0;
				TARGETED_DEVICE_FAMILY = 1;
			};
			name = Release;
		};
/* End XCBuildConfiguration section */

/* Begin XCConfigurationList section */
		15810778284D582B00E334BA /* Build configuration list for PBXProject "EpicWordTrip" */ = {
			isa = XCConfigurationList;
			buildConfigurations = (
				15810789284D582C00E334BA /* Debug */,
				1581078A284D582C00E334BA /* Release */,
			);
			defaultConfigurationIsVisible = 0;
			defaultConfigurationName = Release;
		};
		1581078B284D582C00E334BA /* Build configuration list for PBXNativeTarget "EpicWordTrip" */ = {
			isa = XCConfigurationList;
			buildConfigurations = (
				1581078C284D582C00E334BA /* Debug */,
				1581078D284D582C00E334BA /* Release */,
			);
			defaultConfigurationIsVisible = 0;
			defaultConfigurationName = Release;
		};
/* End XCConfigurationList section */
	};
	rootObject = 15810775284D582B00E334BA /* Project object */;
}
